
Microsoft Visual Studio Solution File, Format Version 12.00
# Visual Studio 2013
Project("{8BC9CEB8-8B4A-11D0-8D11-00A0C91BC942}") = "SyncedUE", "Intermediate\ProjectFiles\SyncedUE.vcxproj", "{B3380105-2CEB-47B9-AA85-E7865886DBB7}"
	ProjectSection(ProjectDependencies) = postProject
	EndProjectSection
EndProject
Global
	GlobalSection(SolutionConfigurationPlatforms) = preSolution
		DebugGame Editor|Windows = DebugGame Editor|Windows
		DebugGame|Windows = DebugGame|Windows
		Development Editor|Windows = Development Editor|Windows
		Development|Windows = Development|Windows
		Shipping|Windows = Shipping|Windows
	EndGlobalSection
	GlobalSection(ProjectConfigurationPlatforms) = postSolution
		{B3380105-2CEB-47B9-AA85-E7865886DBB7}.DebugGame Editor|Windows.ActiveCfg = DebugGame_Editor|x64
		{B3380105-2CEB-47B9-AA85-E7865886DBB7}.DebugGame Editor|Windows.Build.0 = DebugGame_Editor|x64
		{B3380105-2CEB-47B9-AA85-E7865886DBB7}.DebugGame|Windows.ActiveCfg = DebugGame_Game|x64
		{B3380105-2CEB-47B9-AA85-E7865886DBB7}.DebugGame|Windows.Build.0 = DebugGame_Game|x64
		{B3380105-2CEB-47B9-AA85-E7865886DBB7}.Development Editor|Windows.ActiveCfg = Development_Editor|x64
		{B3380105-2CEB-47B9-AA85-E7865886DBB7}.Development Editor|Windows.Build.0 = Development_Editor|x64
		{B3380105-2CEB-47B9-AA85-E7865886DBB7}.Development|Windows.ActiveCfg = Development_Game|x64
		{B3380105-2CEB-47B9-AA85-E7865886DBB7}.Development|Windows.Build.0 = Development_Game|x64
		{B3380105-2CEB-47B9-AA85-E7865886DBB7}.Shipping|Windows.ActiveCfg = Shipping_Game|Win32
		{B3380105-2CEB-47B9-AA85-E7865886DBB7}.Shipping|Windows.Build.0 = Shipping_Game|Win32
	EndGlobalSection
	GlobalSection(SolutionProperties) = preSolution
		HideSolutionNode = FALSE
	EndGlobalSection
	GlobalSection(NestedProjects) = preSolution
	EndGlobalSection
EndGlobal
